{
  "name": "barkiosko",
  "lockfileVersion": 2,
  "requires": true,
  "packages": {
    "": {
      "dependencies": {
        "jquery": "^3.6.1",
        "jquery-background-video": "^1.1.0"
      }
    },
    "node_modules/jquery": {
      "version": "3.6.1",
      "resolved": "https://registry.npmjs.org/jquery/-/jquery-3.6.1.tgz",
      "integrity": "sha512-opJeO4nCucVnsjiXOE+/PcCgYw9Gwpvs/a6B1LL/lQhwWwpbVEVYDZ1FokFr8PRc7ghYlrFPuyHuiiDNTQxmcw=="
    },
    "node_modules/jquery-background-video": {
      "version": "1.1.0",
      "resolved": "https://registry.npmjs.org/jquery-background-video/-/jquery-background-video-1.1.0.tgz",
      "integrity": "sha512-a7gz31irPsp8FoWV4KKkLU1sqSRfz++jDYZtPudpf7eOS4WX+6E5uqtiyx+07MYKQzXjFTVXIQV8/O7ULtB5ww=="
    }
  },
  "dependencies": {
    "jquery": {
      "version": "3.6.1",
      "resolved": "https://registry.npmjs.org/jquery/-/jquery-3.6.1.tgz",
      "integrity": "sha512-opJeO4nCucVnsjiXOE+/PcCgYw9Gwpvs/a6B1LL/lQhwWwpbVEVYDZ1FokFr8PRc7ghYlrFPuyHuiiDNTQxmcw=="
    },
    "jquery-background-video": {
      "version": "1.1.0",
      "resolved": "https://registry.npmjs.org/jquery-background-video/-/jquery-background-video-1.1.0.tgz",
      "integrity": "sha512-a7gz31irPsp8FoWV4KKkLU1sqSRfz++jDYZtPudpf7eOS4WX+6E5uqtiyx+07MYKQzXjFTVXIQV8/O7ULtB5ww=="
    }
  }
}
